# This file is autogenerated, do not edit; changes may be undone by the next 'dep ensure'.


[[projects]]
  branch = "master"
  name = "github.com/julienschmidt/httprouter"
  packages = ["."]
  revision = "d1898390779332322e6b5ca5011da4bf249bb056"

[[projects]]
  branch = "master"
  name = "github.com/justinas/alice"
  packages = ["."]
  revision = "03f45bd4b7dad4734bc4620e46a35789349abb20"

[solve-meta]
  analyzer-name = "dep"
  analyzer-version = 1
  inputs-digest = "74c156677e5d03c269168effa82e2c0acab45e1b7381a7b8e734351810c4616e"
  solver-name = "gps-cdcl"
  solver-version = 1
